
Microsoft Visual Studio Solution File, Format Version 12.00
# Visual Studio 15
VisualStudioVersion = 15.0.26403.3
MinimumVisualStudioVersion = 10.0.40219.1
Project("{FAE04EC0-301F-11D3-BF4B-00C04F79EFBC}") = "Tests", "ClassLibrary1\Tests.csproj", "{9E4FB016-D7EC-42E1-8551-F2B8B916C242}"
	ProjectSection(ProjectDependencies) = postProject
		{7CFC136E-6B68-40DD-9BD3-D7AFFA53C003} = {7CFC136E-6B68-40DD-9BD3-D7AFFA53C003}
	EndProjectSection
EndProject
Project("{FAE04EC0-301F-11D3-BF4B-00C04F79EFBC}") = "AutomationFramework", "ClassLibrary2\AutomationFramework.csproj", "{7CFC136E-6B68-40DD-9BD3-D7AFFA53C003}"
EndProject
Global
	GlobalSection(SolutionConfigurationPlatforms) = preSolution
		Debug|Any CPU = Debug|Any CPU
		Release|Any CPU = Release|Any CPU
	EndGlobalSection
	GlobalSection(ProjectConfigurationPlatforms) = postSolution
		{9E4FB016-D7EC-42E1-8551-F2B8B916C242}.Debug|Any CPU.ActiveCfg = Debug|Any CPU
		{9E4FB016-D7EC-42E1-8551-F2B8B916C242}.Debug|Any CPU.Build.0 = Debug|Any CPU
		{9E4FB016-D7EC-42E1-8551-F2B8B916C242}.Release|Any CPU.ActiveCfg = Debug|Any CPU
		{9E4FB016-D7EC-42E1-8551-F2B8B916C242}.Release|Any CPU.Build.0 = Debug|Any CPU
		{7CFC136E-6B68-40DD-9BD3-D7AFFA53C003}.Debug|Any CPU.ActiveCfg = Debug|Any CPU
		{7CFC136E-6B68-40DD-9BD3-D7AFFA53C003}.Debug|Any CPU.Build.0 = Debug|Any CPU
		{7CFC136E-6B68-40DD-9BD3-D7AFFA53C003}.Release|Any CPU.ActiveCfg = Debug|Any CPU
		{7CFC136E-6B68-40DD-9BD3-D7AFFA53C003}.Release|Any CPU.Build.0 = Debug|Any CPU
	EndGlobalSection
	GlobalSection(SolutionProperties) = preSolution
		HideSolutionNode = FALSE
	EndGlobalSection
EndGlobal
